// !$*UTF8*$!
{
	archiveVersion = 1;
	classes = {
	};
	objectVersion = 56;
	objects = {

/* Begin PBXBuildFile section */
		FD3325BD2D18ABA700EE38E7 /* DesignSystem in Frameworks */ = {isa = PBXBuildFile; productRef = FD3325BC2D18ABA700EE38E7 /* DesignSystem */; };
		FD3325BF2D18CA8C00EE38E7 /* SerchField.swift in Sources */ = {isa = PBXBuildFile; fileRef = FD3325BE2D18CA8C00EE38E7 /* SerchField.swift */; };
		FD3325C12D18D71E00EE38E7 /* GenderSortButtons.swift in Sources */ = {isa = PBXBuildFile; fileRef = FD3325C02D18D71E00EE38E7 /* GenderSortButtons.swift */; };
		FD3325C32D18D7E000EE38E7 /* CharactersScroll.swift in Sources */ = {isa = PBXBuildFile; fileRef = FD3325C22D18D7E000EE38E7 /* CharactersScroll.swift */; };
		FD3325C52D18F72A00EE38E7 /* Splash.swift in Sources */ = {isa = PBXBuildFile; fileRef = FD3325C42D18F72A00EE38E7 /* Splash.swift */; };
		FD41EE182D15FE510021923B /* Rick_MortyApp.swift in Sources */ = {isa = PBXBuildFile; fileRef = FD41EE172D15FE510021923B /* Rick_MortyApp.swift */; };
		FD41EE1C2D15FE540021923B /* Assets.xcassets in Resources */ = {isa = PBXBuildFile; fileRef = FD41EE1B2D15FE540021923B /* Assets.xcassets */; };
		FD41EE1F2D15FE540021923B /* Preview Assets.xcassets in Resources */ = {isa = PBXBuildFile; fileRef = FD41EE1E2D15FE540021923B /* Preview Assets.xcassets */; };
		FD41EE272D1608BD0021923B /* Colors.swift in Sources */ = {isa = PBXBuildFile; fileRef = FD41EE262D1608BD0021923B /* Colors.swift */; };
		FD41EE292D160D3F0021923B /* MainScreen.swift in Sources */ = {isa = PBXBuildFile; fileRef = FD41EE282D160D3F0021923B /* MainScreen.swift */; };
		FD41EE2B2D161F800021923B /* Components.swift in Sources */ = {isa = PBXBuildFile; fileRef = FD41EE2A2D161F800021923B /* Components.swift */; };
		FD41EE2D2D17146E0021923B /* SelectableButtonStyle.swift in Sources */ = {isa = PBXBuildFile; fileRef = FD41EE2C2D17146E0021923B /* SelectableButtonStyle.swift */; };
		FD41EE302D1729320021923B /* Character.swift in Sources */ = {isa = PBXBuildFile; fileRef = FD41EE2F2D1729320021923B /* Character.swift */; };
		FD41EE332D172BDC0021923B /* APIRequest.swift in Sources */ = {isa = PBXBuildFile; fileRef = FD41EE322D172BDC0021923B /* APIRequest.swift */; };
		FD41EE352D172EB40021923B /* CharacterShame.swift in Sources */ = {isa = PBXBuildFile; fileRef = FD41EE342D172EB40021923B /* CharacterShame.swift */; };
		FD41EE382D1739BD0021923B /* CharactersViewModel.swift in Sources */ = {isa = PBXBuildFile; fileRef = FD41EE372D1739BD0021923B /* CharactersViewModel.swift */; };
		FD41EE3B2D173D6F0021923B /* CharCard.swift in Sources */ = {isa = PBXBuildFile; fileRef = FD41EE3A2D173D6F0021923B /* CharCard.swift */; };
		FD66EB032D176BE3004C7160 /* CharacterDetailCard.swift in Sources */ = {isa = PBXBuildFile; fileRef = FD66EB022D176BE3004C7160 /* CharacterDetailCard.swift */; };
		FD66EB052D182F0C004C7160 /* SheetDownWrapper.swift in Sources */ = {isa = PBXBuildFile; fileRef = FD66EB042D182F0C004C7160 /* SheetDownWrapper.swift */; };
		FD66EB0B2D1848D9004C7160 /* Launch.storyboard in Resources */ = {isa = PBXBuildFile; fileRef = FD66EB0A2D1848D9004C7160 /* Launch.storyboard */; };
		FD66EB0F2D186736004C7160 /* SerchTextField.swift in Sources */ = {isa = PBXBuildFile; fileRef = FD66EB0E2D186736004C7160 /* SerchTextField.swift */; };
/* End PBXBuildFile section */

/* Begin PBXFileReference section */
		FD3325BE2D18CA8C00EE38E7 /* SerchField.swift */ = {isa = PBXFileReference; lastKnownFileType = sourcecode.swift; path = SerchField.swift; sourceTree = "<group>"; };
		FD3325C02D18D71E00EE38E7 /* GenderSortButtons.swift */ = {isa = PBXFileReference; lastKnownFileType = sourcecode.swift; path = GenderSortButtons.swift; sourceTree = "<group>"; };
		FD3325C22D18D7E000EE38E7 /* CharactersScroll.swift */ = {isa = PBXFileReference; lastKnownFileType = sourcecode.swift; path = CharactersScroll.swift; sourceTree = "<group>"; };
		FD3325C42D18F72A00EE38E7 /* Splash.swift */ = {isa = PBXFileReference; lastKnownFileType = sourcecode.swift; path = Splash.swift; sourceTree = "<group>"; };
		FD41EE142D15FE510021923B /* Rick&Morty.app */ = {isa = PBXFileReference; explicitFileType = wrapper.application; includeInIndex = 0; path = "Rick&Morty.app"; sourceTree = BUILT_PRODUCTS_DIR; };
		FD41EE172D15FE510021923B /* Rick_MortyApp.swift */ = {isa = PBXFileReference; lastKnownFileType = sourcecode.swift; path = Rick_MortyApp.swift; sourceTree = "<group>"; };
		FD41EE1B2D15FE540021923B /* Assets.xcassets */ = {isa = PBXFileReference; lastKnownFileType = folder.assetcatalog; path = Assets.xcassets; sourceTree = "<group>"; };
		FD41EE1E2D15FE540021923B /* Preview Assets.xcassets */ = {isa = PBXFileReference; lastKnownFileType = folder.assetcatalog; path = "Preview Assets.xcassets"; sourceTree = "<group>"; };
		FD41EE262D1608BD0021923B /* Colors.swift */ = {isa = PBXFileReference; lastKnownFileType = sourcecode.swift; path = Colors.swift; sourceTree = "<group>"; };
		FD41EE282D160D3F0021923B /* MainScreen.swift */ = {isa = PBXFileReference; lastKnownFileType = sourcecode.swift; path = MainScreen.swift; sourceTree = "<group>"; };
		FD41EE2A2D161F800021923B /* Components.swift */ = {isa = PBXFileReference; lastKnownFileType = sourcecode.swift; path = Components.swift; sourceTree = "<group>"; };
		FD41EE2C2D17146E0021923B /* SelectableButtonStyle.swift */ = {isa = PBXFileReference; lastKnownFileType = sourcecode.swift; path = SelectableButtonStyle.swift; sourceTree = "<group>"; };
		FD41EE2F2D1729320021923B /* Character.swift */ = {isa = PBXFileReference; lastKnownFileType = sourcecode.swift; path = Character.swift; sourceTree = "<group>"; };
		FD41EE322D172BDC0021923B /* APIRequest.swift */ = {isa = PBXFileReference; lastKnownFileType = sourcecode.swift; path = APIRequest.swift; sourceTree = "<group>"; };
		FD41EE342D172EB40021923B /* CharacterShame.swift */ = {isa = PBXFileReference; lastKnownFileType = sourcecode.swift; name = CharacterShame.swift; path = ../../../../../Documents/CharacterShame.swift; sourceTree = "<group>"; };
		FD41EE372D1739BD0021923B /* CharactersViewModel.swift */ = {isa = PBXFileReference; lastKnownFileType = sourcecode.swift; path = CharactersViewModel.swift; sourceTree = "<group>"; };
		FD41EE3A2D173D6F0021923B /* CharCard.swift */ = {isa = PBXFileReference; lastKnownFileType = sourcecode.swift; path = CharCard.swift; sourceTree = "<group>"; };
		FD66EB022D176BE3004C7160 /* CharacterDetailCard.swift */ = {isa = PBXFileReference; lastKnownFileType = sourcecode.swift; path = CharacterDetailCard.swift; sourceTree = "<group>"; };
		FD66EB042D182F0C004C7160 /* SheetDownWrapper.swift */ = {isa = PBXFileReference; lastKnownFileType = sourcecode.swift; path = SheetDownWrapper.swift; sourceTree = "<group>"; };
		FD66EB0A2D1848D9004C7160 /* Launch.storyboard */ = {isa = PBXFileReference; lastKnownFileType = file.storyboard; path = Launch.storyboard; sourceTree = "<group>"; };
		FD66EB0E2D186736004C7160 /* SerchTextField.swift */ = {isa = PBXFileReference; lastKnownFileType = sourcecode.swift; path = SerchTextField.swift; sourceTree = "<group>"; };
		FD66EB192D189E82004C7160 /* DesignSystem */ = {isa = PBXFileReference; lastKnownFileType = wrapper; name = DesignSystem; path = ../DesignSystem; sourceTree = "<group>"; };
/* End PBXFileReference section */

/* Begin PBXFrameworksBuildPhase section */
		FD41EE112D15FE510021923B /* Frameworks */ = {
			isa = PBXFrameworksBuildPhase;
			buildActionMask = 2147483647;
			files = (
				FD3325BD2D18ABA700EE38E7 /* DesignSystem in Frameworks */,
			);
			runOnlyForDeploymentPostprocessing = 0;
		};
/* End PBXFrameworksBuildPhase section */

/* Begin PBXGroup section */
		FD41EE0B2D15FE510021923B = {
			isa = PBXGroup;
			children = (
				FD66EB192D189E82004C7160 /* DesignSystem */,
				FD41EE162D15FE510021923B /* Rick&Morty */,
				FD41EE152D15FE510021923B /* Products */,
				FD66EB152D1893BC004C7160 /* Frameworks */,
			);
			sourceTree = "<group>";
		};
		FD41EE152D15FE510021923B /* Products */ = {
			isa = PBXGroup;
			children = (
				FD41EE142D15FE510021923B /* Rick&Morty.app */,
			);
			name = Products;
			sourceTree = "<group>";
		};
		FD41EE162D15FE510021923B /* Rick&Morty */ = {
			isa = PBXGroup;
			children = (
				FD41EE172D15FE510021923B /* Rick_MortyApp.swift */,
				FD41EE392D173D450021923B /* View */,
				FD41EE362D1739A30021923B /* ViewModel */,
				FD41EE312D172BCA0021923B /* Services */,
				FD41EE2E2D1729230021923B /* Model */,
				FD41EE252D1608AE0021923B /* Design */,
				FD41EE1B2D15FE540021923B /* Assets.xcassets */,
				FD66EB0A2D1848D9004C7160 /* Launch.storyboard */,
				FD41EE1D2D15FE540021923B /* Preview Content */,
			);
			path = "Rick&Morty";
			sourceTree = "<group>";
		};
		FD41EE1D2D15FE540021923B /* Preview Content */ = {
			isa = PBXGroup;
			children = (
				FD41EE1E2D15FE540021923B /* Preview Assets.xcassets */,
			);
			path = "Preview Content";
			sourceTree = "<group>";
		};
		FD41EE252D1608AE0021923B /* Design */ = {
			isa = PBXGroup;
			children = (
				FD41EE262D1608BD0021923B /* Colors.swift */,
				FD41EE2A2D161F800021923B /* Components.swift */,
				FD41EE2C2D17146E0021923B /* SelectableButtonStyle.swift */,
				FD66EB042D182F0C004C7160 /* SheetDownWrapper.swift */,
				FD66EB0E2D186736004C7160 /* SerchTextField.swift */,
			);
			path = Design;
			sourceTree = "<group>";
		};
		FD41EE2E2D1729230021923B /* Model */ = {
			isa = PBXGroup;
			children = (
				FD41EE2F2D1729320021923B /* Character.swift */,
				FD41EE342D172EB40021923B /* CharacterShame.swift */,
			);
			path = Model;
			sourceTree = "<group>";
		};
		FD41EE312D172BCA0021923B /* Services */ = {
			isa = PBXGroup;
			children = (
				FD41EE322D172BDC0021923B /* APIRequest.swift */,
			);
			path = Services;
			sourceTree = "<group>";
		};
		FD41EE362D1739A30021923B /* ViewModel */ = {
			isa = PBXGroup;
			children = (
				FD41EE372D1739BD0021923B /* CharactersViewModel.swift */,
			);
			path = ViewModel;
			sourceTree = "<group>";
		};
		FD41EE392D173D450021923B /* View */ = {
			isa = PBXGroup;
			children = (
				FD66EB0C2D1862B3004C7160 /* Main */,
				FD66EB0D2D1862D2004C7160 /* DetailCard */,
			);
			path = View;
			sourceTree = "<group>";
		};
		FD66EB0C2D1862B3004C7160 /* Main */ = {
			isa = PBXGroup;
			children = (
				FD41EE282D160D3F0021923B /* MainScreen.swift */,
				FD41EE3A2D173D6F0021923B /* CharCard.swift */,
				FD3325BE2D18CA8C00EE38E7 /* SerchField.swift */,
				FD3325C02D18D71E00EE38E7 /* GenderSortButtons.swift */,
				FD3325C22D18D7E000EE38E7 /* CharactersScroll.swift */,
			);
			path = Main;
			sourceTree = "<group>";
		};
		FD66EB0D2D1862D2004C7160 /* DetailCard */ = {
			isa = PBXGroup;
			children = (
				FD66EB022D176BE3004C7160 /* CharacterDetailCard.swift */,
				FD3325C42D18F72A00EE38E7 /* Splash.swift */,
			);
			path = DetailCard;
			sourceTree = "<group>";
		};
		FD66EB152D1893BC004C7160 /* Frameworks */ = {
			isa = PBXGroup;
			children = (
			);
			name = Frameworks;
			sourceTree = "<group>";
		};
/* End PBXGroup section */

/* Begin PBXNativeTarget section */
		FD41EE132D15FE510021923B /* Rick&Morty */ = {
			isa = PBXNativeTarget;
			buildConfigurationList = FD41EE222D15FE540021923B /* Build configuration list for PBXNativeTarget "Rick&Morty" */;
			buildPhases = (
				FD41EE102D15FE510021923B /* Sources */,
				FD41EE112D15FE510021923B /* Frameworks */,
				FD41EE122D15FE510021923B /* Resources */,
			);
			buildRules = (
			);
			dependencies = (
			);
			name = "Rick&Morty";
			packageProductDependencies = (
				FD3325BC2D18ABA700EE38E7 /* DesignSystem */,
			);
			productName = "Rick&Morty";
			productReference = FD41EE142D15FE510021923B /* Rick&Morty.app */;
			productType = "com.apple.product-type.application";
		};
/* End PBXNativeTarget section */

/* Begin PBXProject section */
		FD41EE0C2D15FE510021923B /* Project object */ = {
			isa = PBXProject;
			attributes = {
				BuildIndependentTargetsInParallel = 1;
				LastSwiftUpdateCheck = 1540;
				LastUpgradeCheck = 1540;
				TargetAttributes = {
					FD41EE132D15FE510021923B = {
						CreatedOnToolsVersion = 15.4;
					};
				};
			};
			buildConfigurationList = FD41EE0F2D15FE510021923B /* Build configuration list for PBXProject "Rick&Morty" */;
			compatibilityVersion = "Xcode 14.0";
			developmentRegion = en;
			hasScannedForEncodings = 0;
			knownRegions = (
				en,
				Base,
			);
			mainGroup = FD41EE0B2D15FE510021923B;
			packageReferences = (
			);
			productRefGroup = FD41EE152D15FE510021923B /* Products */;
			projectDirPath = "";
			projectRoot = "";
			targets = (
				FD41EE132D15FE510021923B /* Rick&Morty */,
			);
		};
/* End PBXProject section */

/* Begin PBXResourcesBuildPhase section */
		FD41EE122D15FE510021923B /* Resources */ = {
			isa = PBXResourcesBuildPhase;
			buildActionMask = 2147483647;
			files = (
				FD41EE1F2D15FE540021923B /* Preview Assets.xcassets in Resources */,
				FD41EE1C2D15FE540021923B /* Assets.xcassets in Resources */,
				FD66EB0B2D1848D9004C7160 /* Launch.storyboard in Resources */,
			);
			runOnlyForDeploymentPostprocessing = 0;
		};
/* End PBXResourcesBuildPhase section */

/* Begin PBXSourcesBuildPhase section */
		FD41EE102D15FE510021923B /* Sources */ = {
			isa = PBXSourcesBuildPhase;
			buildActionMask = 2147483647;
			files = (
				FD3325C32D18D7E000EE38E7 /* CharactersScroll.swift in Sources */,
				FD41EE352D172EB40021923B /* CharacterShame.swift in Sources */,
				FD66EB032D176BE3004C7160 /* CharacterDetailCard.swift in Sources */,
				FD3325C12D18D71E00EE38E7 /* GenderSortButtons.swift in Sources */,
				FD3325BF2D18CA8C00EE38E7 /* SerchField.swift in Sources */,
				FD41EE2D2D17146E0021923B /* SelectableButtonStyle.swift in Sources */,
				FD41EE302D1729320021923B /* Character.swift in Sources */,
				FD41EE382D1739BD0021923B /* CharactersViewModel.swift in Sources */,
				FD41EE272D1608BD0021923B /* Colors.swift in Sources */,
				FD66EB0F2D186736004C7160 /* SerchTextField.swift in Sources */,
				FD41EE292D160D3F0021923B /* MainScreen.swift in Sources */,
				FD41EE182D15FE510021923B /* Rick_MortyApp.swift in Sources */,
				FD41EE332D172BDC0021923B /* APIRequest.swift in Sources */,
				FD41EE2B2D161F800021923B /* Components.swift in Sources */,
				FD41EE3B2D173D6F0021923B /* CharCard.swift in Sources */,
				FD66EB052D182F0C004C7160 /* SheetDownWrapper.swift in Sources */,
				FD3325C52D18F72A00EE38E7 /* Splash.swift in Sources */,
			);
			runOnlyForDeploymentPostprocessing = 0;
		};
/* End PBXSourcesBuildPhase section */

/* Begin XCBuildConfiguration section */
		FD41EE202D15FE540021923B /* Debug */ = {
			isa = XCBuildConfiguration;
			buildSettings = {
				ALWAYS_SEARCH_USER_PATHS = NO;
				ASSETCATALOG_COMPILER_GENERATE_SWIFT_ASSET_SYMBOL_EXTENSIONS = YES;
				CLANG_ANALYZER_NONNULL = YES;
				CLANG_ANALYZER_NUMBER_OBJECT_CONVERSION = YES_AGGRESSIVE;
				CLANG_CXX_LANGUAGE_STANDARD = "gnu++20";
				CLANG_ENABLE_MODULES = YES;
				CLANG_ENABLE_OBJC_ARC = YES;
				CLANG_ENABLE_OBJC_WEAK = YES;
				CLANG_WARN_BLOCK_CAPTURE_AUTORELEASING = YES;
				CLANG_WARN_BOOL_CONVERSION = YES;
				CLANG_WARN_COMMA = YES;
				CLANG_WARN_CONSTANT_CONVERSION = YES;
				CLANG_WARN_DEPRECATED_OBJC_IMPLEMENTATIONS = YES;
				CLANG_WARN_DIRECT_OBJC_ISA_USAGE = YES_ERROR;
				CLANG_WARN_DOCUMENTATION_COMMENTS = YES;
				CLANG_WARN_EMPTY_BODY = YES;
				CLANG_WARN_ENUM_CONVERSION = YES;
				CLANG_WARN_INFINITE_RECURSION = YES;
				CLANG_WARN_INT_CONVERSION = YES;
				CLANG_WARN_NON_LITERAL_NULL_CONVERSION = YES;
				CLANG_WARN_OBJC_IMPLICIT_RETAIN_SELF = YES;
				CLANG_WARN_OBJC_LITERAL_CONVERSION = YES;
				CLANG_WARN_OBJC_ROOT_CLASS = YES_ERROR;
				CLANG_WARN_QUOTED_INCLUDE_IN_FRAMEWORK_HEADER = YES;
				CLANG_WARN_RANGE_LOOP_ANALYSIS = YES;
				CLANG_WARN_STRICT_PROTOTYPES = YES;
				CLANG_WARN_SUSPICIOUS_MOVE = YES;
				CLANG_WARN_UNGUARDED_AVAILABILITY = YES_AGGRESSIVE;
				CLANG_WARN_UNREACHABLE_CODE = YES;
				CLANG_WARN__DUPLICATE_METHOD_MATCH = YES;
				COPY_PHASE_STRIP = NO;
				DEBUG_INFORMATION_FORMAT = dwarf;
				ENABLE_STRICT_OBJC_MSGSEND = YES;
				ENABLE_TESTABILITY = YES;
				ENABLE_USER_SCRIPT_SANDBOXING = YES;
				GCC_C_LANGUAGE_STANDARD = gnu17;
				GCC_DYNAMIC_NO_PIC = NO;
				GCC_NO_COMMON_BLOCKS = YES;
				GCC_OPTIMIZATION_LEVEL = 0;
				GCC_PREPROCESSOR_DEFINITIONS = (
					"DEBUG=1",
					"$(inherited)",
				);
				GCC_WARN_64_TO_32_BIT_CONVERSION = YES;
				GCC_WARN_ABOUT_RETURN_TYPE = YES_ERROR;
				GCC_WARN_UNDECLARED_SELECTOR = YES;
				GCC_WARN_UNINITIALIZED_AUTOS = YES_AGGRESSIVE;
				GCC_WARN_UNUSED_FUNCTION = YES;
				GCC_WARN_UNUSED_VARIABLE = YES;
				IPHONEOS_DEPLOYMENT_TARGET = 17.5;
				LOCALIZATION_PREFERS_STRING_CATALOGS = YES;
				MTL_ENABLE_DEBUG_INFO = INCLUDE_SOURCE;
				MTL_FAST_MATH = YES;
				ONLY_ACTIVE_ARCH = YES;
				SDKROOT = iphoneos;
				SWIFT_ACTIVE_COMPILATION_CONDITIONS = "DEBUG $(inherited)";
				SWIFT_OPTIMIZATION_LEVEL = "-Onone";
			};
			name = Debug;
		};
		FD41EE212D15FE540021923B /* Release */ = {
			isa = XCBuildConfiguration;
			buildSettings = {
				ALWAYS_SEARCH_USER_PATHS = NO;
				ASSETCATALOG_COMPILER_GENERATE_SWIFT_ASSET_SYMBOL_EXTENSIONS = YES;
				CLANG_ANALYZER_NONNULL = YES;
				CLANG_ANALYZER_NUMBER_OBJECT_CONVERSION = YES_AGGRESSIVE;
				CLANG_CXX_LANGUAGE_STANDARD = "gnu++20";
				CLANG_ENABLE_MODULES = YES;
				CLANG_ENABLE_OBJC_ARC = YES;
				CLANG_ENABLE_OBJC_WEAK = YES;
				CLANG_WARN_BLOCK_CAPTURE_AUTORELEASING = YES;
				CLANG_WARN_BOOL_CONVERSION = YES;
				CLANG_WARN_COMMA = YES;
				CLANG_WARN_CONSTANT_CONVERSION = YES;
				CLANG_WARN_DEPRECATED_OBJC_IMPLEMENTATIONS = YES;
				CLANG_WARN_DIRECT_OBJC_ISA_USAGE = YES_ERROR;
				CLANG_WARN_DOCUMENTATION_COMMENTS = YES;
				CLANG_WARN_EMPTY_BODY = YES;
				CLANG_WARN_ENUM_CONVERSION = YES;
				CLANG_WARN_INFINITE_RECURSION = YES;
				CLANG_WARN_INT_CONVERSION = YES;
				CLANG_WARN_NON_LITERAL_NULL_CONVERSION = YES;
				CLANG_WARN_OBJC_IMPLICIT_RETAIN_SELF = YES;
				CLANG_WARN_OBJC_LITERAL_CONVERSION = YES;
				CLANG_WARN_OBJC_ROOT_CLASS = YES_ERROR;
				CLANG_WARN_QUOTED_INCLUDE_IN_FRAMEWORK_HEADER = YES;
				CLANG_WARN_RANGE_LOOP_ANALYSIS = YES;
				CLANG_WARN_STRICT_PROTOTYPES = YES;
				CLANG_WARN_SUSPICIOUS_MOVE = YES;
				CLANG_WARN_UNGUARDED_AVAILABILITY = YES_AGGRESSIVE;
				CLANG_WARN_UNREACHABLE_CODE = YES;
				CLANG_WARN__DUPLICATE_METHOD_MATCH = YES;
				COPY_PHASE_STRIP = NO;
				DEBUG_INFORMATION_FORMAT = "dwarf-with-dsym";
				ENABLE_NS_ASSERTIONS = NO;
				ENABLE_STRICT_OBJC_MSGSEND = YES;
				ENABLE_USER_SCRIPT_SANDBOXING = YES;
				GCC_C_LANGUAGE_STANDARD = gnu17;
				GCC_NO_COMMON_BLOCKS = YES;
				GCC_WARN_64_TO_32_BIT_CONVERSION = YES;
				GCC_WARN_ABOUT_RETURN_TYPE = YES_ERROR;
				GCC_WARN_UNDECLARED_SELECTOR = YES;
				GCC_WARN_UNINITIALIZED_AUTOS = YES_AGGRESSIVE;
				GCC_WARN_UNUSED_FUNCTION = YES;
				GCC_WARN_UNUSED_VARIABLE = YES;
				IPHONEOS_DEPLOYMENT_TARGET = 17.5;
				LOCALIZATION_PREFERS_STRING_CATALOGS = YES;
				MTL_ENABLE_DEBUG_INFO = NO;
				MTL_FAST_MATH = YES;
				SDKROOT = iphoneos;
				SWIFT_COMPILATION_MODE = wholemodule;
				VALIDATE_PRODUCT = YES;
			};
			name = Release;
		};
		FD41EE232D15FE540021923B /* Debug */ = {
			isa = XCBuildConfiguration;
			buildSettings = {
				ASSETCATALOG_COMPILER_APPICON_NAME = AppIcon;
				ASSETCATALOG_COMPILER_GLOBAL_ACCENT_COLOR_NAME = AccentColor;
				CODE_SIGN_STYLE = Automatic;
				CURRENT_PROJECT_VERSION = 1;
				DEVELOPMENT_ASSET_PATHS = "\"Rick&Morty/Preview Content\"";
				ENABLE_PREVIEWS = YES;
				GENERATE_INFOPLIST_FILE = YES;
				INFOPLIST_KEY_UIApplicationSceneManifest_Generation = YES;
				INFOPLIST_KEY_UIApplicationSupportsIndirectInputEvents = YES;
				INFOPLIST_KEY_UILaunchScreen_Generation = YES;
				INFOPLIST_KEY_UILaunchStoryboardName = Launch.storyboard;
				INFOPLIST_KEY_UISupportedInterfaceOrientations_iPad = "UIInterfaceOrientationPortrait UIInterfaceOrientationPortraitUpsideDown UIInterfaceOrientationLandscapeLeft UIInterfaceOrientationLandscapeRight";
				INFOPLIST_KEY_UISupportedInterfaceOrientations_iPhone = "UIInterfaceOrientationPortrait UIInterfaceOrientationLandscapeLeft UIInterfaceOrientationLandscapeRight";
				IPHONEOS_DEPLOYMENT_TARGET = 17.0;
				LD_RUNPATH_SEARCH_PATHS = (
					"$(inherited)",
					"@executable_path/Frameworks",
				);
				MARKETING_VERSION = 1.0;
				PRODUCT_BUNDLE_IDENTIFIER = "com.team.Rick-Morty";
				PRODUCT_NAME = "$(TARGET_NAME)";
				SUPPORTED_PLATFORMS = "iphoneos iphonesimulator";
				SUPPORTS_MACCATALYST = NO;
				SUPPORTS_MAC_DESIGNED_FOR_IPHONE_IPAD = NO;
				SUPPORTS_XR_DESIGNED_FOR_IPHONE_IPAD = NO;
				SWIFT_EMIT_LOC_STRINGS = YES;
				SWIFT_VERSION = 5.0;
				TARGETED_DEVICE_FAMILY = "1,2";
			};
			name = Debug;
		};
		FD41EE242D15FE540021923B /* Release */ = {
			isa = XCBuildConfiguration;
			buildSettings = {
				ASSETCATALOG_COMPILER_APPICON_NAME = AppIcon;
				ASSETCATALOG_COMPILER_GLOBAL_ACCENT_COLOR_NAME = AccentColor;
				CODE_SIGN_STYLE = Automatic;
				CURRENT_PROJECT_VERSION = 1;
				DEVELOPMENT_ASSET_PATHS = "\"Rick&Morty/Preview Content\"";
				ENABLE_PREVIEWS = YES;
				GENERATE_INFOPLIST_FILE = YES;
				INFOPLIST_KEY_UIApplicationSceneManifest_Generation = YES;
				INFOPLIST_KEY_UIApplicationSupportsIndirectInputEvents = YES;
				INFOPLIST_KEY_UILaunchScreen_Generation = YES;
				INFOPLIST_KEY_UILaunchStoryboardName = Launch.storyboard;
				INFOPLIST_KEY_UISupportedInterfaceOrientations_iPad = "UIInterfaceOrientationPortrait UIInterfaceOrientationPortraitUpsideDown UIInterfaceOrientationLandscapeLeft UIInterfaceOrientationLandscapeRight";
				INFOPLIST_KEY_UISupportedInterfaceOrientations_iPhone = "UIInterfaceOrientationPortrait UIInterfaceOrientationLandscapeLeft UIInterfaceOrientationLandscapeRight";
				IPHONEOS_DEPLOYMENT_TARGET = 17.0;
				LD_RUNPATH_SEARCH_PATHS = (
					"$(inherited)",
					"@executable_path/Frameworks",
				);
				MARKETING_VERSION = 1.0;
				PRODUCT_BUNDLE_IDENTIFIER = "com.team.Rick-Morty";
				PRODUCT_NAME = "$(TARGET_NAME)";
				SUPPORTED_PLATFORMS = "iphoneos iphonesimulator";
				SUPPORTS_MACCATALYST = NO;
				SUPPORTS_MAC_DESIGNED_FOR_IPHONE_IPAD = NO;
				SUPPORTS_XR_DESIGNED_FOR_IPHONE_IPAD = NO;
				SWIFT_EMIT_LOC_STRINGS = YES;
				SWIFT_VERSION = 5.0;
				TARGETED_DEVICE_FAMILY = "1,2";
			};
			name = Release;
		};
/* End XCBuildConfiguration section */

/* Begin XCConfigurationList section */
		FD41EE0F2D15FE510021923B /* Build configuration list for PBXProject "Rick&Morty" */ = {
			isa = XCConfigurationList;
			buildConfigurations = (
				FD41EE202D15FE540021923B /* Debug */,
				FD41EE212D15FE540021923B /* Release */,
			);
			defaultConfigurationIsVisible = 0;
			defaultConfigurationName = Release;
		};
		FD41EE222D15FE540021923B /* Build configuration list for PBXNativeTarget "Rick&Morty" */ = {
			isa = XCConfigurationList;
			buildConfigurations = (
				FD41EE232D15FE540021923B /* Debug */,
				FD41EE242D15FE540021923B /* Release */,
			);
			defaultConfigurationIsVisible = 0;
			defaultConfigurationName = Release;
		};
/* End XCConfigurationList section */

/* Begin XCSwiftPackageProductDependency section */
		FD3325BC2D18ABA700EE38E7 /* DesignSystem */ = {
			isa = XCSwiftPackageProductDependency;
			productName = DesignSystem;
		};
/* End XCSwiftPackageProductDependency section */
	};
	rootObject = FD41EE0C2D15FE510021923B /* Project object */;
}
